
Microsoft Visual Studio Solution File, Format Version 12.00
# Visual Studio 15
VisualStudioVersion = 15.0.27703.2035
MinimumVisualStudioVersion = 10.0.40219.1
Project("{FAE04EC0-301F-11D3-BF4B-00C04F79EFBC}") = "CarRaceChallenge", "CarRaceChallenge\CarRaceChallenge.csproj", "{6FC04FF2-D778-420B-B695-D740FA0AC8C9}"
EndProject
Global
	GlobalSection(SolutionConfigurationPlatforms) = preSolution
		Debug|Any CPU = Debug|Any CPU
		Release|Any CPU = Release|Any CPU
	EndGlobalSection
	GlobalSection(ProjectConfigurationPlatforms) = postSolution
		{6FC04FF2-D778-420B-B695-D740FA0AC8C9}.Debug|Any CPU.ActiveCfg = Debug|Any CPU
		{6FC04FF2-D778-420B-B695-D740FA0AC8C9}.Debug|Any CPU.Build.0 = Debug|Any CPU
		{6FC04FF2-D778-420B-B695-D740FA0AC8C9}.Release|Any CPU.ActiveCfg = Release|Any CPU
		{6FC04FF2-D778-420B-B695-D740FA0AC8C9}.Release|Any CPU.Build.0 = Release|Any CPU
	EndGlobalSection
	GlobalSection(SolutionProperties) = preSolution
		HideSolutionNode = FALSE
	EndGlobalSection
	GlobalSection(ExtensibilityGlobals) = postSolution
		SolutionGuid = {52C2E09F-5D72-4E14-AB83-F808A90B730C}
	EndGlobalSection
EndGlobal
